
Microsoft Visual Studio Solution File, Format Version 12.00
# Visual Studio Version 17
VisualStudioVersion = 17.1.32414.318
MinimumVisualStudioVersion = 10.0.40219.1
Project("{FAE04EC0-301F-11D3-BF4B-00C04F79EFBC}") = "ITBoardSupport", "ITBoardSupport\ITBoardSupport.csproj", "{532F8947-8874-4C62-BE37-BF9AC0F30A35}"
EndProject
Global
	GlobalSection(SolutionConfigurationPlatforms) = preSolution
		Debug|Any CPU = Debug|Any CPU
		Release|Any CPU = Release|Any CPU
	EndGlobalSection
	GlobalSection(ProjectConfigurationPlatforms) = postSolution
		{532F8947-8874-4C62-BE37-BF9AC0F30A35}.Debug|Any CPU.ActiveCfg = Debug|Any CPU
		{532F8947-8874-4C62-BE37-BF9AC0F30A35}.Debug|Any CPU.Build.0 = Debug|Any CPU
		{532F8947-8874-4C62-BE37-BF9AC0F30A35}.Release|Any CPU.ActiveCfg = Release|Any CPU
		{532F8947-8874-4C62-BE37-BF9AC0F30A35}.Release|Any CPU.Build.0 = Release|Any CPU
	EndGlobalSection
	GlobalSection(SolutionProperties) = preSolution
		HideSolutionNode = FALSE
	EndGlobalSection
	GlobalSection(ExtensibilityGlobals) = postSolution
		SolutionGuid = {4F797029-3350-4B96-A204-569C3801FAC6}
	EndGlobalSection
EndGlobal
